
Microsoft Visual Studio Solution File, Format Version 12.00
# Visual Studio Version 17
VisualStudioVersion = 17.8.34408.163
MinimumVisualStudioVersion = 10.0.40219.1
Project("{9A19103F-16F7-4668-BE54-9A1E7A4F7556}") = "Bible.Wasm", "Bible.Wasm\Bible.Wasm.csproj", "{0E79BE62-F21F-4F20-A1C0-7C7A00F2FA6F}"
EndProject
Project("{9A19103F-16F7-4668-BE54-9A1E7A4F7556}") = "Bible.Data", "Bible.Data\Bible.Data.csproj", "{B47ABC7A-818C-4945-B4AC-1DB7F5FF6E17}"
EndProject
Project("{9A19103F-16F7-4668-BE54-9A1E7A4F7556}") = "Bible.Core", "Bible.Core\Bible.Core.csproj", "{4701F49F-8015-49D2-823C-78BABEAEE81C}"
EndProject
Project("{FAE04EC0-301F-11D3-BF4B-00C04F79EFBC}") = "Bible.Backend", "Bible.Backend\Bible.Backend.csproj", "{B078A78C-EEFA-A862-2CA1-E6761CDE2998}"
EndProject
Project("{FAE04EC0-301F-11D3-BF4B-00C04F79EFBC}") = "Bible.Reader", "Bible.Reader\Bible.Reader.csproj", "{A08FB2D4-9436-5E30-D4F0-9DD48D30B8CB}"
EndProject
Project("{FAE04EC0-301F-11D3-BF4B-00C04F79EFBC}") = "Bible.Usx", "Bible.Usx\Bible.Usx.csproj", "{6F769CC7-BA5F-5765-42F1-C70C1E51D115}"
EndProject
Project("{FAE04EC0-301F-11D3-BF4B-00C04F79EFBC}") = "Unihan", "Unihan\Unihan.csproj", "{0DC17A11-6304-7C05-7E98-68F0E66CBF18}"
EndProject
Global
	GlobalSection(SolutionConfigurationPlatforms) = preSolution
		Debug|Any CPU = Debug|Any CPU
		Release|Any CPU = Release|Any CPU
	EndGlobalSection
	GlobalSection(ProjectConfigurationPlatforms) = postSolution
		{0E79BE62-F21F-4F20-A1C0-7C7A00F2FA6F}.Debug|Any CPU.ActiveCfg = Debug|Any CPU
		{0E79BE62-F21F-4F20-A1C0-7C7A00F2FA6F}.Debug|Any CPU.Build.0 = Debug|Any CPU
		{0E79BE62-F21F-4F20-A1C0-7C7A00F2FA6F}.Release|Any CPU.ActiveCfg = Release|Any CPU
		{0E79BE62-F21F-4F20-A1C0-7C7A00F2FA6F}.Release|Any CPU.Build.0 = Release|Any CPU
		{B47ABC7A-818C-4945-B4AC-1DB7F5FF6E17}.Debug|Any CPU.ActiveCfg = Debug|Any CPU
		{B47ABC7A-818C-4945-B4AC-1DB7F5FF6E17}.Debug|Any CPU.Build.0 = Debug|Any CPU
		{B47ABC7A-818C-4945-B4AC-1DB7F5FF6E17}.Release|Any CPU.ActiveCfg = Release|Any CPU
		{B47ABC7A-818C-4945-B4AC-1DB7F5FF6E17}.Release|Any CPU.Build.0 = Release|Any CPU
		{4701F49F-8015-49D2-823C-78BABEAEE81C}.Debug|Any CPU.ActiveCfg = Debug|Any CPU
		{4701F49F-8015-49D2-823C-78BABEAEE81C}.Debug|Any CPU.Build.0 = Debug|Any CPU
		{4701F49F-8015-49D2-823C-78BABEAEE81C}.Release|Any CPU.ActiveCfg = Release|Any CPU
		{4701F49F-8015-49D2-823C-78BABEAEE81C}.Release|Any CPU.Build.0 = Release|Any CPU
		{B078A78C-EEFA-A862-2CA1-E6761CDE2998}.Debug|Any CPU.ActiveCfg = Debug|Any CPU
		{B078A78C-EEFA-A862-2CA1-E6761CDE2998}.Debug|Any CPU.Build.0 = Debug|Any CPU
		{B078A78C-EEFA-A862-2CA1-E6761CDE2998}.Release|Any CPU.ActiveCfg = Release|Any CPU
		{B078A78C-EEFA-A862-2CA1-E6761CDE2998}.Release|Any CPU.Build.0 = Release|Any CPU
		{A08FB2D4-9436-5E30-D4F0-9DD48D30B8CB}.Debug|Any CPU.ActiveCfg = Debug|Any CPU
		{A08FB2D4-9436-5E30-D4F0-9DD48D30B8CB}.Debug|Any CPU.Build.0 = Debug|Any CPU
		{A08FB2D4-9436-5E30-D4F0-9DD48D30B8CB}.Release|Any CPU.ActiveCfg = Release|Any CPU
		{A08FB2D4-9436-5E30-D4F0-9DD48D30B8CB}.Release|Any CPU.Build.0 = Release|Any CPU
		{6F769CC7-BA5F-5765-42F1-C70C1E51D115}.Debug|Any CPU.ActiveCfg = Debug|Any CPU
		{6F769CC7-BA5F-5765-42F1-C70C1E51D115}.Debug|Any CPU.Build.0 = Debug|Any CPU
		{6F769CC7-BA5F-5765-42F1-C70C1E51D115}.Release|Any CPU.ActiveCfg = Release|Any CPU
		{6F769CC7-BA5F-5765-42F1-C70C1E51D115}.Release|Any CPU.Build.0 = Release|Any CPU
		{0DC17A11-6304-7C05-7E98-68F0E66CBF18}.Debug|Any CPU.ActiveCfg = Debug|Any CPU
		{0DC17A11-6304-7C05-7E98-68F0E66CBF18}.Debug|Any CPU.Build.0 = Debug|Any CPU
		{0DC17A11-6304-7C05-7E98-68F0E66CBF18}.Release|Any CPU.ActiveCfg = Release|Any CPU
		{0DC17A11-6304-7C05-7E98-68F0E66CBF18}.Release|Any CPU.Build.0 = Release|Any CPU
	EndGlobalSection
	GlobalSection(SolutionProperties) = preSolution
		HideSolutionNode = FALSE
	EndGlobalSection
	GlobalSection(ExtensibilityGlobals) = postSolution
		SolutionGuid = {9BE2AE58-7ABA-487D-ABE5-4A402B1A90A9}
	EndGlobalSection
EndGlobal
