Microsoft Visual Studio Solution File, Format Version 12.00
# Visual Studio Version 17
VisualStudioVersion = 17.14.36327.8 d17.14
MinimumVisualStudioVersion = 10.0.40219.1
Project("{FAE04EC0-301F-11D3-BF4B-00C04F79EFBC}") = "Bible.AppHost", "Bible.AppHost\Bible.AppHost.csproj", "{92B2B9D1-1997-4840-A083-9C07770E9FE2}"
EndProject
Project("{FAE04EC0-301F-11D3-BF4B-00C04F79EFBC}") = "Bible.ServiceDefaults", "Bible.ServiceDefaults\Bible.ServiceDefaults.csproj", "{125882B9-D77E-F8C5-05C0-8A13CEACC33A}"
EndProject
Project("{FAE04EC0-301F-11D3-BF4B-00C04F79EFBC}") = "Bible.ApiService", "Bible.ApiService\Bible.ApiService.csproj", "{9C5650DF-A10F-DD56-3580-27EB76DA35C4}"
EndProject
Project("{FAE04EC0-301F-11D3-BF4B-00C04F79EFBC}") = "Bible.Web", "Bible.Web\Bible.Web.csproj", "{ECFDA68E-FD0F-9BEA-A1A3-F8E83D61DB7D}"
EndProject
Project("{FAE04EC0-301F-11D3-BF4B-00C04F79EFBC}") = "Bible.Tests", "Bible.Tests\Bible.Tests.csproj", "{F43FB406-CB49-25C5-E786-24FB6C1FA942}"
EndProject
Global
	GlobalSection(SolutionConfigurationPlatforms) = preSolution
		Debug|Any CPU = Debug|Any CPU
		Release|Any CPU = Release|Any CPU
	EndGlobalSection
	GlobalSection(ProjectConfigurationPlatforms) = postSolution
		{92B2B9D1-1997-4840-A083-9C07770E9FE2}.Debug|Any CPU.ActiveCfg = Debug|Any CPU
		{92B2B9D1-1997-4840-A083-9C07770E9FE2}.Debug|Any CPU.Build.0 = Debug|Any CPU
		{92B2B9D1-1997-4840-A083-9C07770E9FE2}.Release|Any CPU.ActiveCfg = Release|Any CPU
		{92B2B9D1-1997-4840-A083-9C07770E9FE2}.Release|Any CPU.Build.0 = Release|Any CPU
		{125882B9-D77E-F8C5-05C0-8A13CEACC33A}.Debug|Any CPU.ActiveCfg = Debug|Any CPU
		{125882B9-D77E-F8C5-05C0-8A13CEACC33A}.Debug|Any CPU.Build.0 = Debug|Any CPU
		{125882B9-D77E-F8C5-05C0-8A13CEACC33A}.Release|Any CPU.ActiveCfg = Release|Any CPU
		{125882B9-D77E-F8C5-05C0-8A13CEACC33A}.Release|Any CPU.Build.0 = Release|Any CPU
		{9C5650DF-A10F-DD56-3580-27EB76DA35C4}.Debug|Any CPU.ActiveCfg = Debug|Any CPU
		{9C5650DF-A10F-DD56-3580-27EB76DA35C4}.Debug|Any CPU.Build.0 = Debug|Any CPU
		{9C5650DF-A10F-DD56-3580-27EB76DA35C4}.Release|Any CPU.ActiveCfg = Release|Any CPU
		{9C5650DF-A10F-DD56-3580-27EB76DA35C4}.Release|Any CPU.Build.0 = Release|Any CPU
		{ECFDA68E-FD0F-9BEA-A1A3-F8E83D61DB7D}.Debug|Any CPU.ActiveCfg = Debug|Any CPU
		{ECFDA68E-FD0F-9BEA-A1A3-F8E83D61DB7D}.Debug|Any CPU.Build.0 = Debug|Any CPU
		{ECFDA68E-FD0F-9BEA-A1A3-F8E83D61DB7D}.Release|Any CPU.ActiveCfg = Release|Any CPU
		{ECFDA68E-FD0F-9BEA-A1A3-F8E83D61DB7D}.Release|Any CPU.Build.0 = Release|Any CPU
		{F43FB406-CB49-25C5-E786-24FB6C1FA942}.Debug|Any CPU.ActiveCfg = Debug|Any CPU
		{F43FB406-CB49-25C5-E786-24FB6C1FA942}.Debug|Any CPU.Build.0 = Debug|Any CPU
		{F43FB406-CB49-25C5-E786-24FB6C1FA942}.Release|Any CPU.ActiveCfg = Release|Any CPU
		{F43FB406-CB49-25C5-E786-24FB6C1FA942}.Release|Any CPU.Build.0 = Release|Any CPU
	EndGlobalSection
	GlobalSection(SolutionProperties) = preSolution
		HideSolutionNode = FALSE
	EndGlobalSection
	GlobalSection(ExtensibilityGlobals) = postSolution
		SolutionGuid = {000C7389-4BB4-4904-B4CD-416F214C6141}
	EndGlobalSection
EndGlobal
