
Microsoft Visual Studio Solution File, Format Version 12.00
# Visual Studio Version 17
VisualStudioVersion = 17.8.34309.116
MinimumVisualStudioVersion = 10.0.40219.1
Project("{9A19103F-16F7-4668-BE54-9A1E7A4F7556}") = "Bible.App", "Bible.App\Bible.App.csproj", "{AA549469-2DCD-4F5C-8156-644C28A4C25D}"
EndProject
Global
	GlobalSection(SolutionConfigurationPlatforms) = preSolution
		Debug|Any CPU = Debug|Any CPU
		Release|Any CPU = Release|Any CPU
	EndGlobalSection
	GlobalSection(ProjectConfigurationPlatforms) = postSolution
		{AA549469-2DCD-4F5C-8156-644C28A4C25D}.Debug|Any CPU.ActiveCfg = Debug|Any CPU
		{AA549469-2DCD-4F5C-8156-644C28A4C25D}.Debug|Any CPU.Build.0 = Debug|Any CPU
		{AA549469-2DCD-4F5C-8156-644C28A4C25D}.Debug|Any CPU.Deploy.0 = Debug|Any CPU
		{AA549469-2DCD-4F5C-8156-644C28A4C25D}.Release|Any CPU.ActiveCfg = Release|Any CPU
		{AA549469-2DCD-4F5C-8156-644C28A4C25D}.Release|Any CPU.Build.0 = Release|Any CPU
		{AA549469-2DCD-4F5C-8156-644C28A4C25D}.Release|Any CPU.Deploy.0 = Release|Any CPU
	EndGlobalSection
	GlobalSection(SolutionProperties) = preSolution
		HideSolutionNode = FALSE
	EndGlobalSection
	GlobalSection(ExtensibilityGlobals) = postSolution
		SolutionGuid = {95D396C8-8530-477D-ACB1-84EA94856BB7}
	EndGlobalSection
EndGlobal
